github.com/davecgh/go-spew v1.1.1 h1:vj9j/u1bqnvCEfJOwUhtlOARqs3+rkHYY13jYWTU97c=
github.com/davecgh/go-spew v1.1.1/go.mod h1:J7Y8YcW2NihsgmVo/mv3lAwl/skON4iLHjSsI+c5H38=
github.com/scottjg/upnp v0.0.0-20161226025956-82caf20da2dd h1:kcen6KQmsoz9ZiOjxfR1uoDwBbBV4dhH1yEu0k5LMZU=
github.com/scottjg/upnp v0.0.0-20161226025956-82caf20da2dd/go.mod h1:l168au4IoTMJEcotw+BRMFTQDyLfnBD/KyUwJbPTMWs=
